
Microsoft Visual Studio Solution File, Format Version 12.00
# Visual Studio Version 17
VisualStudioVersion = 17.0.32014.148
MinimumVisualStudioVersion = 10.0.40219.1
Project("{FAE04EC0-301F-11D3-BF4B-00C04F79EFBC}") = "LeaveManagment.Web", "LeaveManagment.Web\LeaveManagment.Web.csproj", "{49F97627-A30E-4702-9236-77A6707D0926}"
EndProject
Global
	GlobalSection(SolutionConfigurationPlatforms) = preSolution
		Debug|Any CPU = Debug|Any CPU
		Release|Any CPU = Release|Any CPU
	EndGlobalSection
	GlobalSection(ProjectConfigurationPlatforms) = postSolution
		{49F97627-A30E-4702-9236-77A6707D0926}.Debug|Any CPU.ActiveCfg = Debug|Any CPU
		{49F97627-A30E-4702-9236-77A6707D0926}.Debug|Any CPU.Build.0 = Debug|Any CPU
		{49F97627-A30E-4702-9236-77A6707D0926}.Release|Any CPU.ActiveCfg = Release|Any CPU
		{49F97627-A30E-4702-9236-77A6707D0926}.Release|Any CPU.Build.0 = Release|Any CPU
	EndGlobalSection
	GlobalSection(SolutionProperties) = preSolution
		HideSolutionNode = FALSE
	EndGlobalSection
	GlobalSection(ExtensibilityGlobals) = postSolution
		SolutionGuid = {CE6A54DE-2F16-460E-8FC1-398CE9C62FDA}
	EndGlobalSection
EndGlobal
